
Microsoft Visual Studio Solution File, Format Version 12.00
# Visual Studio Version 17
VisualStudioVersion = 17.10.34916.146
MinimumVisualStudioVersion = 10.0.40219.1
Project("{9A19103F-16F7-4668-BE54-9A1E7A4F7556}") = "TaxCalculator.Service", "TaxCalculator.Service\TaxCalculator.Service.csproj", "{1CC79826-61F5-499C-B2E1-B2C776087639}"
EndProject
Project("{9A19103F-16F7-4668-BE54-9A1E7A4F7556}") = "TaxCalculator.Service.Tests", "TaxCalculator.Service.Tests\TaxCalculator.Service.Tests.csproj", "{D8AA3130-15DC-402C-A54A-2EB62578614B}"
EndProject
Project("{9A19103F-16F7-4668-BE54-9A1E7A4F7556}") = "TaxCalculator.Models", "TaxCalculator.Models\TaxCalculator.Models.csproj", "{823185CE-D4E0-43B3-B63A-54A3F60C3EEC}"
EndProject
Project("{FAE04EC0-301F-11D3-BF4B-00C04F79EFBC}") = "TaxCalculator.UI", "TaxCalculator.UI\TaxCalculator.UI.csproj", "{6460833F-73A5-45D6-AED3-DA764CF94F45}"
EndProject
Global
	GlobalSection(SolutionConfigurationPlatforms) = preSolution
		Debug|Any CPU = Debug|Any CPU
		Release|Any CPU = Release|Any CPU
	EndGlobalSection
	GlobalSection(ProjectConfigurationPlatforms) = postSolution
		{1CC79826-61F5-499C-B2E1-B2C776087639}.Debug|Any CPU.ActiveCfg = Debug|Any CPU
		{1CC79826-61F5-499C-B2E1-B2C776087639}.Debug|Any CPU.Build.0 = Debug|Any CPU
		{1CC79826-61F5-499C-B2E1-B2C776087639}.Release|Any CPU.ActiveCfg = Release|Any CPU
		{1CC79826-61F5-499C-B2E1-B2C776087639}.Release|Any CPU.Build.0 = Release|Any CPU
		{D8AA3130-15DC-402C-A54A-2EB62578614B}.Debug|Any CPU.ActiveCfg = Debug|Any CPU
		{D8AA3130-15DC-402C-A54A-2EB62578614B}.Debug|Any CPU.Build.0 = Debug|Any CPU
		{D8AA3130-15DC-402C-A54A-2EB62578614B}.Release|Any CPU.ActiveCfg = Release|Any CPU
		{D8AA3130-15DC-402C-A54A-2EB62578614B}.Release|Any CPU.Build.0 = Release|Any CPU
		{823185CE-D4E0-43B3-B63A-54A3F60C3EEC}.Debug|Any CPU.ActiveCfg = Debug|Any CPU
		{823185CE-D4E0-43B3-B63A-54A3F60C3EEC}.Debug|Any CPU.Build.0 = Debug|Any CPU
		{823185CE-D4E0-43B3-B63A-54A3F60C3EEC}.Release|Any CPU.ActiveCfg = Release|Any CPU
		{823185CE-D4E0-43B3-B63A-54A3F60C3EEC}.Release|Any CPU.Build.0 = Release|Any CPU
		{6460833F-73A5-45D6-AED3-DA764CF94F45}.Debug|Any CPU.ActiveCfg = Debug|Any CPU
		{6460833F-73A5-45D6-AED3-DA764CF94F45}.Debug|Any CPU.Build.0 = Debug|Any CPU
		{6460833F-73A5-45D6-AED3-DA764CF94F45}.Release|Any CPU.ActiveCfg = Release|Any CPU
		{6460833F-73A5-45D6-AED3-DA764CF94F45}.Release|Any CPU.Build.0 = Release|Any CPU
	EndGlobalSection
	GlobalSection(SolutionProperties) = preSolution
		HideSolutionNode = FALSE
	EndGlobalSection
	GlobalSection(ExtensibilityGlobals) = postSolution
		SolutionGuid = {4FD6091B-5572-4AF9-A694-FE9B1BA1B40D}
	EndGlobalSection
EndGlobal
